
Microsoft Visual Studio Solution File, Format Version 12.00
# Visual Studio Version 16
VisualStudioVersion = 16.0.31321.278
MinimumVisualStudioVersion = 10.0.40219.1
Project("{FAE04EC0-301F-11D3-BF4B-00C04F79EFBC}") = "CalculadoraDePedidos", "CalculadoraDePedidos\CalculadoraDePedidos.csproj", "{9D78A75C-2411-4CD8-ADA4-9A78260D678D}"
EndProject
Global
	GlobalSection(SolutionConfigurationPlatforms) = preSolution
		Debug|Any CPU = Debug|Any CPU
		Release|Any CPU = Release|Any CPU
	EndGlobalSection
	GlobalSection(ProjectConfigurationPlatforms) = postSolution
		{9D78A75C-2411-4CD8-ADA4-9A78260D678D}.Debug|Any CPU.ActiveCfg = Debug|Any CPU
		{9D78A75C-2411-4CD8-ADA4-9A78260D678D}.Debug|Any CPU.Build.0 = Debug|Any CPU
		{9D78A75C-2411-4CD8-ADA4-9A78260D678D}.Release|Any CPU.ActiveCfg = Release|Any CPU
		{9D78A75C-2411-4CD8-ADA4-9A78260D678D}.Release|Any CPU.Build.0 = Release|Any CPU
	EndGlobalSection
	GlobalSection(SolutionProperties) = preSolution
		HideSolutionNode = FALSE
	EndGlobalSection
	GlobalSection(ExtensibilityGlobals) = postSolution
		SolutionGuid = {E85F3709-5317-46F4-A508-7C3440EC56DB}
	EndGlobalSection
EndGlobal
